// !$*UTF8*$!
{
	archiveVersion = 1;
	classes = {
	};
	objectVersion = 46;
	objects = {

/* Begin PBXBuildFile section */
		710E60ED1E8850CC0049394C /* burrows_wheeler.c in Sources */ = {isa = PBXBuildFile; fileRef = 710E60EC1E8850CC0049394C /* burrows_wheeler.c */; };
		710E60F81E8850FC0049394C /* main.c in Sources */ = {isa = PBXBuildFile; fileRef = 710E60F71E8850FC0049394C /* main.c */; };
		710E60FE1E8853B00049394C /* circular_suffix_array.c in Sources */ = {isa = PBXBuildFile; fileRef = 710E60FC1E8853B00049394C /* circular_suffix_array.c */; };
		718E27D81E884BDC005F3C62 /* move2front.c in Sources */ = {isa = PBXBuildFile; fileRef = 718E27D71E884BDC005F3C62 /* move2front.c */; };
/* End PBXBuildFile section */

/* Begin PBXCopyFilesBuildPhase section */
		710E60E81E8850CC0049394C /* CopyFiles */ = {
			isa = PBXCopyFilesBuildPhase;
			buildActionMask = 2147483647;
			dstPath = /usr/share/man/man1/;
			dstSubfolderSpec = 0;
			files = (
			);
			runOnlyForDeploymentPostprocessing = 1;
		};
		710E60F31E8850FC0049394C /* CopyFiles */ = {
			isa = PBXCopyFilesBuildPhase;
			buildActionMask = 2147483647;
			dstPath = /usr/share/man/man1/;
			dstSubfolderSpec = 0;
			files = (
			);
			runOnlyForDeploymentPostprocessing = 1;
		};
		718E27D21E884BDB005F3C62 /* CopyFiles */ = {
			isa = PBXCopyFilesBuildPhase;
			buildActionMask = 2147483647;
			dstPath = /usr/share/man/man1/;
			dstSubfolderSpec = 0;
			files = (
			);
			runOnlyForDeploymentPostprocessing = 1;
		};
/* End PBXCopyFilesBuildPhase section */

/* Begin PBXFileReference section */
		710E60EA1E8850CC0049394C /* bwt */ = {isa = PBXFileReference; explicitFileType = "compiled.mach-o.executable"; includeInIndex = 0; path = bwt; sourceTree = BUILT_PRODUCTS_DIR; };
		710E60EC1E8850CC0049394C /* burrows_wheeler.c */ = {isa = PBXFileReference; lastKnownFileType = sourcecode.c.c; path = burrows_wheeler.c; sourceTree = "<group>"; };
		710E60F51E8850FC0049394C /* huffman */ = {isa = PBXFileReference; explicitFileType = "compiled.mach-o.executable"; includeInIndex = 0; path = huffman; sourceTree = BUILT_PRODUCTS_DIR; };
		710E60F71E8850FC0049394C /* main.c */ = {isa = PBXFileReference; lastKnownFileType = sourcecode.c.c; path = main.c; sourceTree = "<group>"; };
		710E60FC1E8853B00049394C /* circular_suffix_array.c */ = {isa = PBXFileReference; fileEncoding = 4; lastKnownFileType = sourcecode.c.c; path = circular_suffix_array.c; sourceTree = "<group>"; };
		710E60FD1E8853B00049394C /* circular_suffix_array.h */ = {isa = PBXFileReference; fileEncoding = 4; lastKnownFileType = sourcecode.c.h; path = circular_suffix_array.h; sourceTree = "<group>"; };
		718E27D41E884BDB005F3C62 /* move2front */ = {isa = PBXFileReference; explicitFileType = "compiled.mach-o.executable"; includeInIndex = 0; path = move2front; sourceTree = BUILT_PRODUCTS_DIR; };
		718E27D71E884BDC005F3C62 /* move2front.c */ = {isa = PBXFileReference; lastKnownFileType = sourcecode.c.c; path = move2front.c; sourceTree = "<group>"; };
/* End PBXFileReference section */

/* Begin PBXFrameworksBuildPhase section */
		710E60E71E8850CC0049394C /* Frameworks */ = {
			isa = PBXFrameworksBuildPhase;
			buildActionMask = 2147483647;
			files = (
			);
			runOnlyForDeploymentPostprocessing = 0;
		};
		710E60F21E8850FC0049394C /* Frameworks */ = {
			isa = PBXFrameworksBuildPhase;
			buildActionMask = 2147483647;
			files = (
			);
			runOnlyForDeploymentPostprocessing = 0;
		};
		718E27D11E884BDB005F3C62 /* Frameworks */ = {
			isa = PBXFrameworksBuildPhase;
			buildActionMask = 2147483647;
			files = (
			);
			runOnlyForDeploymentPostprocessing = 0;
		};
/* End PBXFrameworksBuildPhase section */

/* Begin PBXGroup section */
		710E60EB1E8850CC0049394C /* Burrows Wheeler Transform */ = {
			isa = PBXGroup;
			children = (
				710E60EC1E8850CC0049394C /* burrows_wheeler.c */,
				710E60FC1E8853B00049394C /* circular_suffix_array.c */,
				710E60FD1E8853B00049394C /* circular_suffix_array.h */,
			);
			name = "Burrows Wheeler Transform";
			path = bwt;
			sourceTree = "<group>";
		};
		710E60F61E8850FC0049394C /* Huffman Encoding */ = {
			isa = PBXGroup;
			children = (
				710E60F71E8850FC0049394C /* main.c */,
			);
			name = "Huffman Encoding";
			path = huffman;
			sourceTree = "<group>";
		};
		718E27CB1E884BDB005F3C62 = {
			isa = PBXGroup;
			children = (
				718E27D61E884BDB005F3C62 /* Move To Front */,
				710E60EB1E8850CC0049394C /* Burrows Wheeler Transform */,
				710E60F61E8850FC0049394C /* Huffman Encoding */,
				718E27D51E884BDB005F3C62 /* Products */,
			);
			sourceTree = "<group>";
		};
		718E27D51E884BDB005F3C62 /* Products */ = {
			isa = PBXGroup;
			children = (
				718E27D41E884BDB005F3C62 /* move2front */,
				710E60EA1E8850CC0049394C /* bwt */,
				710E60F51E8850FC0049394C /* huffman */,
			);
			name = Products;
			sourceTree = "<group>";
		};
		718E27D61E884BDB005F3C62 /* Move To Front */ = {
			isa = PBXGroup;
			children = (
				718E27D71E884BDC005F3C62 /* move2front.c */,
			);
			name = "Move To Front";
			path = "Burrows Wheeler Compression";
			sourceTree = "<group>";
		};
/* End PBXGroup section */

/* Begin PBXNativeTarget section */
		710E60E91E8850CC0049394C /* bwt */ = {
			isa = PBXNativeTarget;
			buildConfigurationList = 710E60EE1E8850CC0049394C /* Build configuration list for PBXNativeTarget "bwt" */;
			buildPhases = (
				710E60E61E8850CC0049394C /* Sources */,
				710E60E71E8850CC0049394C /* Frameworks */,
				710E60E81E8850CC0049394C /* CopyFiles */,
			);
			buildRules = (
			);
			dependencies = (
			);
			name = bwt;
			productName = bwt;
			productReference = 710E60EA1E8850CC0049394C /* bwt */;
			productType = "com.apple.product-type.tool";
		};
		710E60F41E8850FC0049394C /* huffman */ = {
			isa = PBXNativeTarget;
			buildConfigurationList = 710E60F91E8850FC0049394C /* Build configuration list for PBXNativeTarget "huffman" */;
			buildPhases = (
				710E60F11E8850FC0049394C /* Sources */,
				710E60F21E8850FC0049394C /* Frameworks */,
				710E60F31E8850FC0049394C /* CopyFiles */,
			);
			buildRules = (
			);
			dependencies = (
			);
			name = huffman;
			productName = huffman;
			productReference = 710E60F51E8850FC0049394C /* huffman */;
			productType = "com.apple.product-type.tool";
		};
		718E27D31E884BDB005F3C62 /* move2front */ = {
			isa = PBXNativeTarget;
			buildConfigurationList = 718E27DB1E884BDC005F3C62 /* Build configuration list for PBXNativeTarget "move2front" */;
			buildPhases = (
				718E27D01E884BDB005F3C62 /* Sources */,
				718E27D11E884BDB005F3C62 /* Frameworks */,
				718E27D21E884BDB005F3C62 /* CopyFiles */,
			);
			buildRules = (
			);
			dependencies = (
			);
			name = move2front;
			productName = "Burrows Wheeler Compression";
			productReference = 718E27D41E884BDB005F3C62 /* move2front */;
			productType = "com.apple.product-type.tool";
		};
/* End PBXNativeTarget section */

/* Begin PBXProject section */
		718E27CC1E884BDB005F3C62 /* Project object */ = {
			isa = PBXProject;
			attributes = {
				LastUpgradeCheck = 0820;
				ORGANIZATIONNAME = "Kelvin Zhang";
				TargetAttributes = {
					710E60E91E8850CC0049394C = {
						CreatedOnToolsVersion = 8.2.1;
						DevelopmentTeam = FX5YF9JBHD;
						ProvisioningStyle = Automatic;
					};
					710E60F41E8850FC0049394C = {
						CreatedOnToolsVersion = 8.2.1;
						DevelopmentTeam = FX5YF9JBHD;
						ProvisioningStyle = Automatic;
					};
					718E27D31E884BDB005F3C62 = {
						CreatedOnToolsVersion = 8.2.1;
						DevelopmentTeam = FX5YF9JBHD;
						ProvisioningStyle = Automatic;
					};
				};
			};
			buildConfigurationList = 718E27CF1E884BDB005F3C62 /* Build configuration list for PBXProject "Burrows Wheeler Compression" */;
			compatibilityVersion = "Xcode 3.2";
			developmentRegion = English;
			hasScannedForEncodings = 0;
			knownRegions = (
				en,
			);
			mainGroup = 718E27CB1E884BDB005F3C62;
			productRefGroup = 718E27D51E884BDB005F3C62 /* Products */;
			projectDirPath = "";
			projectRoot = "";
			targets = (
				718E27D31E884BDB005F3C62 /* move2front */,
				710E60E91E8850CC0049394C /* bwt */,
				710E60F41E8850FC0049394C /* huffman */,
			);
		};
/* End PBXProject section */

/* Begin PBXSourcesBuildPhase section */
		710E60E61E8850CC0049394C /* Sources */ = {
			isa = PBXSourcesBuildPhase;
			buildActionMask = 2147483647;
			files = (
				710E60ED1E8850CC0049394C /* burrows_wheeler.c in Sources */,
				710E60FE1E8853B00049394C /* circular_suffix_array.c in Sources */,
			);
			runOnlyForDeploymentPostprocessing = 0;
		};
		710E60F11E8850FC0049394C /* Sources */ = {
			isa = PBXSourcesBuildPhase;
			buildActionMask = 2147483647;
			files = (
				710E60F81E8850FC0049394C /* main.c in Sources */,
			);
			runOnlyForDeploymentPostprocessing = 0;
		};
		718E27D01E884BDB005F3C62 /* Sources */ = {
			isa = PBXSourcesBuildPhase;
			buildActionMask = 2147483647;
			files = (
				718E27D81E884BDC005F3C62 /* move2front.c in Sources */,
			);
			runOnlyForDeploymentPostprocessing = 0;
		};
/* End PBXSourcesBuildPhase section */

/* Begin XCBuildConfiguration section */
		710E60EF1E8850CC0049394C /* Debug */ = {
			isa = XCBuildConfiguration;
			buildSettings = {
				DEVELOPMENT_TEAM = FX5YF9JBHD;
				PRODUCT_NAME = "$(TARGET_NAME)";
			};
			name = Debug;
		};
		710E60F01E8850CC0049394C /* Release */ = {
			isa = XCBuildConfiguration;
			buildSettings = {
				DEVELOPMENT_TEAM = FX5YF9JBHD;
				PRODUCT_NAME = "$(TARGET_NAME)";
			};
			name = Release;
		};
		710E60FA1E8850FC0049394C /* Debug */ = {
			isa = XCBuildConfiguration;
			buildSettings = {
				DEVELOPMENT_TEAM = FX5YF9JBHD;
				PRODUCT_NAME = "$(TARGET_NAME)";
			};
			name = Debug;
		};
		710E60FB1E8850FC0049394C /* Release */ = {
			isa = XCBuildConfiguration;
			buildSettings = {
				DEVELOPMENT_TEAM = FX5YF9JBHD;
				PRODUCT_NAME = "$(TARGET_NAME)";
			};
			name = Release;
		};
		718E27D91E884BDC005F3C62 /* Debug */ = {
			isa = XCBuildConfiguration;
			buildSettings = {
				ALWAYS_SEARCH_USER_PATHS = NO;
				CLANG_ANALYZER_NONNULL = YES;
				CLANG_CXX_LANGUAGE_STANDARD = "gnu++0x";
				CLANG_CXX_LIBRARY = "libc++";
				CLANG_ENABLE_MODULES = YES;
				CLANG_ENABLE_OBJC_ARC = YES;
				CLANG_WARN_BOOL_CONVERSION = YES;
				CLANG_WARN_CONSTANT_CONVERSION = YES;
				CLANG_WARN_DIRECT_OBJC_ISA_USAGE = YES_ERROR;
				CLANG_WARN_DOCUMENTATION_COMMENTS = YES;
				CLANG_WARN_EMPTY_BODY = YES;
				CLANG_WARN_ENUM_CONVERSION = YES;
				CLANG_WARN_INFINITE_RECURSION = YES;
				CLANG_WARN_INT_CONVERSION = YES;
				CLANG_WARN_OBJC_ROOT_CLASS = YES_ERROR;
				CLANG_WARN_SUSPICIOUS_MOVE = YES;
				CLANG_WARN_UNREACHABLE_CODE = YES;
				CLANG_WARN__DUPLICATE_METHOD_MATCH = YES;
				CODE_SIGN_IDENTITY = "-";
				COPY_PHASE_STRIP = NO;
				DEBUG_INFORMATION_FORMAT = dwarf;
				ENABLE_STRICT_OBJC_MSGSEND = YES;
				ENABLE_TESTABILITY = YES;
				GCC_C_LANGUAGE_STANDARD = gnu99;
				GCC_DYNAMIC_NO_PIC = NO;
				GCC_NO_COMMON_BLOCKS = YES;
				GCC_OPTIMIZATION_LEVEL = 0;
				GCC_PREPROCESSOR_DEFINITIONS = (
					"DEBUG=1",
					"$(inherited)",
				);
				GCC_WARN_64_TO_32_BIT_CONVERSION = YES;
				GCC_WARN_ABOUT_RETURN_TYPE = YES_ERROR;
				GCC_WARN_UNDECLARED_SELECTOR = YES;
				GCC_WARN_UNINITIALIZED_AUTOS = YES_AGGRESSIVE;
				GCC_WARN_UNUSED_FUNCTION = YES;
				GCC_WARN_UNUSED_VARIABLE = YES;
				MACOSX_DEPLOYMENT_TARGET = 10.12;
				MTL_ENABLE_DEBUG_INFO = YES;
				ONLY_ACTIVE_ARCH = YES;
				SDKROOT = macosx;
			};
			name = Debug;
		};
		718E27DA1E884BDC005F3C62 /* Release */ = {
			isa = XCBuildConfiguration;
			buildSettings = {
				ALWAYS_SEARCH_USER_PATHS = NO;
				CLANG_ANALYZER_NONNULL = YES;
				CLANG_CXX_LANGUAGE_STANDARD = "gnu++0x";
				CLANG_CXX_LIBRARY = "libc++";
				CLANG_ENABLE_MODULES = YES;
				CLANG_ENABLE_OBJC_ARC = YES;
				CLANG_WARN_BOOL_CONVERSION = YES;
				CLANG_WARN_CONSTANT_CONVERSION = YES;
				CLANG_WARN_DIRECT_OBJC_ISA_USAGE = YES_ERROR;
				CLANG_WARN_DOCUMENTATION_COMMENTS = YES;
				CLANG_WARN_EMPTY_BODY = YES;
				CLANG_WARN_ENUM_CONVERSION = YES;
				CLANG_WARN_INFINITE_RECURSION = YES;
				CLANG_WARN_INT_CONVERSION = YES;
				CLANG_WARN_OBJC_ROOT_CLASS = YES_ERROR;
				CLANG_WARN_SUSPICIOUS_MOVE = YES;
				CLANG_WARN_UNREACHABLE_CODE = YES;
				CLANG_WARN__DUPLICATE_METHOD_MATCH = YES;
				CODE_SIGN_IDENTITY = "-";
				COPY_PHASE_STRIP = NO;
				DEBUG_INFORMATION_FORMAT = "dwarf-with-dsym";
				ENABLE_NS_ASSERTIONS = NO;
				ENABLE_STRICT_OBJC_MSGSEND = YES;
				GCC_C_LANGUAGE_STANDARD = gnu99;
				GCC_NO_COMMON_BLOCKS = YES;
				GCC_WARN_64_TO_32_BIT_CONVERSION = YES;
				GCC_WARN_ABOUT_RETURN_TYPE = YES_ERROR;
				GCC_WARN_UNDECLARED_SELECTOR = YES;
				GCC_WARN_UNINITIALIZED_AUTOS = YES_AGGRESSIVE;
				GCC_WARN_UNUSED_FUNCTION = YES;
				GCC_WARN_UNUSED_VARIABLE = YES;
				MACOSX_DEPLOYMENT_TARGET = 10.12;
				MTL_ENABLE_DEBUG_INFO = NO;
				SDKROOT = macosx;
			};
			name = Release;
		};
		718E27DC1E884BDC005F3C62 /* Debug */ = {
			isa = XCBuildConfiguration;
			buildSettings = {
				DEVELOPMENT_TEAM = FX5YF9JBHD;
				PRODUCT_NAME = "$(TARGET_NAME)";
			};
			name = Debug;
		};
		718E27DD1E884BDC005F3C62 /* Release */ = {
			isa = XCBuildConfiguration;
			buildSettings = {
				DEVELOPMENT_TEAM = FX5YF9JBHD;
				PRODUCT_NAME = "$(TARGET_NAME)";
			};
			name = Release;
		};
/* End XCBuildConfiguration section */

/* Begin XCConfigurationList section */
		710E60EE1E8850CC0049394C /* Build configuration list for PBXNativeTarget "bwt" */ = {
			isa = XCConfigurationList;
			buildConfigurations = (
				710E60EF1E8850CC0049394C /* Debug */,
				710E60F01E8850CC0049394C /* Release */,
			);
			defaultConfigurationIsVisible = 0;
			defaultConfigurationName = Release;
		};
		710E60F91E8850FC0049394C /* Build configuration list for PBXNativeTarget "huffman" */ = {
			isa = XCConfigurationList;
			buildConfigurations = (
				710E60FA1E8850FC0049394C /* Debug */,
				710E60FB1E8850FC0049394C /* Release */,
			);
			defaultConfigurationIsVisible = 0;
			defaultConfigurationName = Release;
		};
		718E27CF1E884BDB005F3C62 /* Build configuration list for PBXProject "Burrows Wheeler Compression" */ = {
			isa = XCConfigurationList;
			buildConfigurations = (
				718E27D91E884BDC005F3C62 /* Debug */,
				718E27DA1E884BDC005F3C62 /* Release */,
			);
			defaultConfigurationIsVisible = 0;
			defaultConfigurationName = Release;
		};
		718E27DB1E884BDC005F3C62 /* Build configuration list for PBXNativeTarget "move2front" */ = {
			isa = XCConfigurationList;
			buildConfigurations = (
				718E27DC1E884BDC005F3C62 /* Debug */,
				718E27DD1E884BDC005F3C62 /* Release */,
			);
			defaultConfigurationIsVisible = 0;
			defaultConfigurationName = Release;
		};
/* End XCConfigurationList section */
	};
	rootObject = 718E27CC1E884BDB005F3C62 /* Project object */;
}
